
Microsoft Visual Studio Solution File, Format Version 12.00
# Visual Studio 15
VisualStudioVersion = 15.0.28307.572
MinimumVisualStudioVersion = 10.0.40219.1
Project("{2150E333-8FDC-42A3-9474-1A3956D46DE8}") = "Web.Internel.Api", "Web.Internel.Api", "{40C81B91-26BB-4D6C-88E9-E7C85B608B7F}"
EndProject
Project("{9A19103F-16F7-4668-BE54-9A1E7A4F7556}") = "Internel.Api", "Internel.Api\Internel.Api.csproj", "{2A9979DE-2DF1-4D8F-8CD4-15209CAFDEAC}"
EndProject
Project("{9A19103F-16F7-4668-BE54-9A1E7A4F7556}") = "New.Core", "New.Core\New.Core.csproj", "{F4D5A070-3987-4BA6-8EA6-2724E251D312}"
EndProject
Project("{9A19103F-16F7-4668-BE54-9A1E7A4F7556}") = "New.Data", "New.Data\New.Data.csproj", "{BAA8FE60-A5A3-4448-812B-A11BF560BE15}"
EndProject
Project("{9A19103F-16F7-4668-BE54-9A1E7A4F7556}") = "New.Common", "New.Common\New.Common.csproj", "{C13332C4-AFD4-4E6A-A1AB-416F1397E42F}"
EndProject
Project("{9A19103F-16F7-4668-BE54-9A1E7A4F7556}") = "UnitTestProject", "UnitTestProject\UnitTestProject.csproj", "{0A662BF2-5F83-40E2-AF30-02DC3C6AB8BA}"
EndProject
Project("{9A19103F-16F7-4668-BE54-9A1E7A4F7556}") = "New.Entity", "New.Entity\New.Entity.csproj", "{025D877E-BDC4-4784-B72D-B58D15226336}"
EndProject
Project("{9A19103F-16F7-4668-BE54-9A1E7A4F7556}") = "New.Model", "New.Model\New.Model.csproj", "{F24B8533-E4C3-4B0D-BF8D-8D56C73BCD86}"
EndProject
Project("{2150E333-8FDC-42A3-9474-1A3956D46DE8}") = "Web.Log.Api", "Web.Log.Api", "{C446C54A-6712-4D19-BD75-780DA2E6DFB0}"
EndProject
Project("{9A19103F-16F7-4668-BE54-9A1E7A4F7556}") = "Log.Api", "Log.Api\Log.Api.csproj", "{680FA84F-F2D5-404B-B4B7-61D54700423F}"
EndProject
Project("{2150E333-8FDC-42A3-9474-1A3956D46DE8}") = "Web", "Web", "{32DBB43B-29E0-44F7-9380-BA6A1CE85A14}"
EndProject
Project("{9A19103F-16F7-4668-BE54-9A1E7A4F7556}") = "New.WebApp", "New.WebApp\New.WebApp.csproj", "{1063A86F-EDCC-4CF8-96EE-1F09EC61BAB5}"
EndProject
Project("{2150E333-8FDC-42A3-9474-1A3956D46DE8}") = "Task", "Task", "{D7073AB1-9BEA-44AB-B1A8-D032E7FAF12C}"
EndProject
Project("{9A19103F-16F7-4668-BE54-9A1E7A4F7556}") = "Web.Tasks", "Web.Task\Web.Tasks.csproj", "{BA98B702-EBB6-48AB-9955-579D42DB5E57}"
EndProject
Project("{9A19103F-16F7-4668-BE54-9A1E7A4F7556}") = "WindSerivce", "WindSerivce\WindSerivce.csproj", "{D546DFD2-D8A4-4DB5-913E-3FF467351C58}"
EndProject
Project("{9A19103F-16F7-4668-BE54-9A1E7A4F7556}") = "SampleApp", "..\..\..\soft\AspNetCore.Docs-master\aspnetcore\host-and-deploy\windows-service\samples\2.x\AspNetCoreService\SampleApp.csproj", "{803D9040-2592-4A53-AB48-BBEF6AC2C169}"
EndProject
Project("{9A19103F-16F7-4668-BE54-9A1E7A4F7556}") = "WebApp.Tasks", "WebApp.Tasks\WebApp.Tasks.csproj", "{490E3303-83A5-48F6-906B-0DD79180B8F9}"
EndProject
Project("{9A19103F-16F7-4668-BE54-9A1E7A4F7556}") = "New.Data.Sql", "New.Data.Sql\New.Data.Sql.csproj", "{4EB72978-FA4E-4883-BCE0-032CCA0DC9D0}"
EndProject
Project("{9A19103F-16F7-4668-BE54-9A1E7A4F7556}") = "New.Service", "New.Service\New.Service.csproj", "{ECEBE415-CBA6-488D-A9FA-813D73879219}"
EndProject
Project("{2150E333-8FDC-42A3-9474-1A3956D46DE8}") = "Identity", "Identity", "{DF3F5E10-9882-447D-B9A4-C2C2FFD7FBE2}"
EndProject
Project("{9A19103F-16F7-4668-BE54-9A1E7A4F7556}") = "AuthService.WebApi", "AuthService.WebApi\AuthService.WebApi.csproj", "{CD35A0A6-0E35-44D6-B1D4-BC1D860557BD}"
EndProject
Project("{9A19103F-16F7-4668-BE54-9A1E7A4F7556}") = "Client.WebApi", "Client.WebApi\Client.WebApi.csproj", "{7051B692-9983-4E15-82A4-1530B98E0DB5}"
EndProject
Project("{FAE04EC0-301F-11D3-BF4B-00C04F79EFBC}") = "WindowsFormsApp", "WindowsFormsApp\WindowsFormsApp.csproj", "{9A061DCC-930D-47E2-8E52-B21C9B421555}"
EndProject
Project("{2150E333-8FDC-42A3-9474-1A3956D46DE8}") = "Service", "Service", "{FFD5A648-287F-498A-B491-FD74FB392FBB}"
EndProject
Project("{9A19103F-16F7-4668-BE54-9A1E7A4F7556}") = "WebAppSocket", "WebAppSocket\WebAppSocket.csproj", "{7A6AB8FF-14B9-4CA1-9F20-2AB01A87F4A1}"
EndProject
Project("{2150E333-8FDC-42A3-9474-1A3956D46DE8}") = "Views", "Views", "{BF647C6D-21B1-498F-9D3E-3DC2CD7F37C3}"
	ProjectSection(SolutionItems) = preProject
		Views\index.html = Views\index.html
		Views\index2.html = Views\index2.html
		Views\jquery-3.4.1.min.js = Views\jquery-3.4.1.min.js
	EndProjectSection
EndProject
Global
	GlobalSection(SolutionConfigurationPlatforms) = preSolution
		Debug|Any CPU = Debug|Any CPU
		Release|Any CPU = Release|Any CPU
	EndGlobalSection
	GlobalSection(ProjectConfigurationPlatforms) = postSolution
		{2A9979DE-2DF1-4D8F-8CD4-15209CAFDEAC}.Debug|Any CPU.ActiveCfg = Debug|Any CPU
		{2A9979DE-2DF1-4D8F-8CD4-15209CAFDEAC}.Debug|Any CPU.Build.0 = Debug|Any CPU
		{2A9979DE-2DF1-4D8F-8CD4-15209CAFDEAC}.Release|Any CPU.ActiveCfg = Release|Any CPU
		{2A9979DE-2DF1-4D8F-8CD4-15209CAFDEAC}.Release|Any CPU.Build.0 = Release|Any CPU
		{F4D5A070-3987-4BA6-8EA6-2724E251D312}.Debug|Any CPU.ActiveCfg = Debug|Any CPU
		{F4D5A070-3987-4BA6-8EA6-2724E251D312}.Debug|Any CPU.Build.0 = Debug|Any CPU
		{F4D5A070-3987-4BA6-8EA6-2724E251D312}.Release|Any CPU.ActiveCfg = Release|Any CPU
		{F4D5A070-3987-4BA6-8EA6-2724E251D312}.Release|Any CPU.Build.0 = Release|Any CPU
		{BAA8FE60-A5A3-4448-812B-A11BF560BE15}.Debug|Any CPU.ActiveCfg = Debug|Any CPU
		{BAA8FE60-A5A3-4448-812B-A11BF560BE15}.Debug|Any CPU.Build.0 = Debug|Any CPU
		{BAA8FE60-A5A3-4448-812B-A11BF560BE15}.Release|Any CPU.ActiveCfg = Release|Any CPU
		{BAA8FE60-A5A3-4448-812B-A11BF560BE15}.Release|Any CPU.Build.0 = Release|Any CPU
		{C13332C4-AFD4-4E6A-A1AB-416F1397E42F}.Debug|Any CPU.ActiveCfg = Debug|Any CPU
		{C13332C4-AFD4-4E6A-A1AB-416F1397E42F}.Debug|Any CPU.Build.0 = Debug|Any CPU
		{C13332C4-AFD4-4E6A-A1AB-416F1397E42F}.Release|Any CPU.ActiveCfg = Release|Any CPU
		{C13332C4-AFD4-4E6A-A1AB-416F1397E42F}.Release|Any CPU.Build.0 = Release|Any CPU
		{0A662BF2-5F83-40E2-AF30-02DC3C6AB8BA}.Debug|Any CPU.ActiveCfg = Debug|Any CPU
		{0A662BF2-5F83-40E2-AF30-02DC3C6AB8BA}.Debug|Any CPU.Build.0 = Debug|Any CPU
		{0A662BF2-5F83-40E2-AF30-02DC3C6AB8BA}.Release|Any CPU.ActiveCfg = Release|Any CPU
		{0A662BF2-5F83-40E2-AF30-02DC3C6AB8BA}.Release|Any CPU.Build.0 = Release|Any CPU
		{025D877E-BDC4-4784-B72D-B58D15226336}.Debug|Any CPU.ActiveCfg = Debug|Any CPU
		{025D877E-BDC4-4784-B72D-B58D15226336}.Debug|Any CPU.Build.0 = Debug|Any CPU
		{025D877E-BDC4-4784-B72D-B58D15226336}.Release|Any CPU.ActiveCfg = Release|Any CPU
		{025D877E-BDC4-4784-B72D-B58D15226336}.Release|Any CPU.Build.0 = Release|Any CPU
		{F24B8533-E4C3-4B0D-BF8D-8D56C73BCD86}.Debug|Any CPU.ActiveCfg = Debug|Any CPU
		{F24B8533-E4C3-4B0D-BF8D-8D56C73BCD86}.Debug|Any CPU.Build.0 = Debug|Any CPU
		{F24B8533-E4C3-4B0D-BF8D-8D56C73BCD86}.Release|Any CPU.ActiveCfg = Release|Any CPU
		{F24B8533-E4C3-4B0D-BF8D-8D56C73BCD86}.Release|Any CPU.Build.0 = Release|Any CPU
		{680FA84F-F2D5-404B-B4B7-61D54700423F}.Debug|Any CPU.ActiveCfg = Debug|Any CPU
		{680FA84F-F2D5-404B-B4B7-61D54700423F}.Debug|Any CPU.Build.0 = Debug|Any CPU
		{680FA84F-F2D5-404B-B4B7-61D54700423F}.Release|Any CPU.ActiveCfg = Release|Any CPU
		{680FA84F-F2D5-404B-B4B7-61D54700423F}.Release|Any CPU.Build.0 = Release|Any CPU
		{1063A86F-EDCC-4CF8-96EE-1F09EC61BAB5}.Debug|Any CPU.ActiveCfg = Debug|Any CPU
		{1063A86F-EDCC-4CF8-96EE-1F09EC61BAB5}.Debug|Any CPU.Build.0 = Debug|Any CPU
		{1063A86F-EDCC-4CF8-96EE-1F09EC61BAB5}.Release|Any CPU.ActiveCfg = Release|Any CPU
		{1063A86F-EDCC-4CF8-96EE-1F09EC61BAB5}.Release|Any CPU.Build.0 = Release|Any CPU
		{BA98B702-EBB6-48AB-9955-579D42DB5E57}.Debug|Any CPU.ActiveCfg = Debug|Any CPU
		{BA98B702-EBB6-48AB-9955-579D42DB5E57}.Debug|Any CPU.Build.0 = Debug|Any CPU
		{BA98B702-EBB6-48AB-9955-579D42DB5E57}.Release|Any CPU.ActiveCfg = Release|Any CPU
		{BA98B702-EBB6-48AB-9955-579D42DB5E57}.Release|Any CPU.Build.0 = Release|Any CPU
		{D546DFD2-D8A4-4DB5-913E-3FF467351C58}.Debug|Any CPU.ActiveCfg = Debug|Any CPU
		{D546DFD2-D8A4-4DB5-913E-3FF467351C58}.Debug|Any CPU.Build.0 = Debug|Any CPU
		{D546DFD2-D8A4-4DB5-913E-3FF467351C58}.Release|Any CPU.ActiveCfg = Release|Any CPU
		{D546DFD2-D8A4-4DB5-913E-3FF467351C58}.Release|Any CPU.Build.0 = Release|Any CPU
		{803D9040-2592-4A53-AB48-BBEF6AC2C169}.Debug|Any CPU.ActiveCfg = Debug|Any CPU
		{803D9040-2592-4A53-AB48-BBEF6AC2C169}.Debug|Any CPU.Build.0 = Debug|Any CPU
		{803D9040-2592-4A53-AB48-BBEF6AC2C169}.Release|Any CPU.ActiveCfg = Release|Any CPU
		{803D9040-2592-4A53-AB48-BBEF6AC2C169}.Release|Any CPU.Build.0 = Release|Any CPU
		{490E3303-83A5-48F6-906B-0DD79180B8F9}.Debug|Any CPU.ActiveCfg = Debug|Any CPU
		{490E3303-83A5-48F6-906B-0DD79180B8F9}.Debug|Any CPU.Build.0 = Debug|Any CPU
		{490E3303-83A5-48F6-906B-0DD79180B8F9}.Release|Any CPU.ActiveCfg = Release|Any CPU
		{490E3303-83A5-48F6-906B-0DD79180B8F9}.Release|Any CPU.Build.0 = Release|Any CPU
		{4EB72978-FA4E-4883-BCE0-032CCA0DC9D0}.Debug|Any CPU.ActiveCfg = Debug|Any CPU
		{4EB72978-FA4E-4883-BCE0-032CCA0DC9D0}.Debug|Any CPU.Build.0 = Debug|Any CPU
		{4EB72978-FA4E-4883-BCE0-032CCA0DC9D0}.Release|Any CPU.ActiveCfg = Release|Any CPU
		{4EB72978-FA4E-4883-BCE0-032CCA0DC9D0}.Release|Any CPU.Build.0 = Release|Any CPU
		{ECEBE415-CBA6-488D-A9FA-813D73879219}.Debug|Any CPU.ActiveCfg = Debug|Any CPU
		{ECEBE415-CBA6-488D-A9FA-813D73879219}.Debug|Any CPU.Build.0 = Debug|Any CPU
		{ECEBE415-CBA6-488D-A9FA-813D73879219}.Release|Any CPU.ActiveCfg = Release|Any CPU
		{ECEBE415-CBA6-488D-A9FA-813D73879219}.Release|Any CPU.Build.0 = Release|Any CPU
		{CD35A0A6-0E35-44D6-B1D4-BC1D860557BD}.Debug|Any CPU.ActiveCfg = Debug|Any CPU
		{CD35A0A6-0E35-44D6-B1D4-BC1D860557BD}.Debug|Any CPU.Build.0 = Debug|Any CPU
		{CD35A0A6-0E35-44D6-B1D4-BC1D860557BD}.Release|Any CPU.ActiveCfg = Release|Any CPU
		{CD35A0A6-0E35-44D6-B1D4-BC1D860557BD}.Release|Any CPU.Build.0 = Release|Any CPU
		{7051B692-9983-4E15-82A4-1530B98E0DB5}.Debug|Any CPU.ActiveCfg = Debug|Any CPU
		{7051B692-9983-4E15-82A4-1530B98E0DB5}.Debug|Any CPU.Build.0 = Debug|Any CPU
		{7051B692-9983-4E15-82A4-1530B98E0DB5}.Release|Any CPU.ActiveCfg = Release|Any CPU
		{7051B692-9983-4E15-82A4-1530B98E0DB5}.Release|Any CPU.Build.0 = Release|Any CPU
		{9A061DCC-930D-47E2-8E52-B21C9B421555}.Debug|Any CPU.ActiveCfg = Debug|Any CPU
		{9A061DCC-930D-47E2-8E52-B21C9B421555}.Debug|Any CPU.Build.0 = Debug|Any CPU
		{9A061DCC-930D-47E2-8E52-B21C9B421555}.Release|Any CPU.ActiveCfg = Release|Any CPU
		{9A061DCC-930D-47E2-8E52-B21C9B421555}.Release|Any CPU.Build.0 = Release|Any CPU
		{7A6AB8FF-14B9-4CA1-9F20-2AB01A87F4A1}.Debug|Any CPU.ActiveCfg = Debug|Any CPU
		{7A6AB8FF-14B9-4CA1-9F20-2AB01A87F4A1}.Debug|Any CPU.Build.0 = Debug|Any CPU
		{7A6AB8FF-14B9-4CA1-9F20-2AB01A87F4A1}.Release|Any CPU.ActiveCfg = Release|Any CPU
		{7A6AB8FF-14B9-4CA1-9F20-2AB01A87F4A1}.Release|Any CPU.Build.0 = Release|Any CPU
	EndGlobalSection
	GlobalSection(SolutionProperties) = preSolution
		HideSolutionNode = FALSE
	EndGlobalSection
	GlobalSection(NestedProjects) = preSolution
		{2A9979DE-2DF1-4D8F-8CD4-15209CAFDEAC} = {40C81B91-26BB-4D6C-88E9-E7C85B608B7F}
		{680FA84F-F2D5-404B-B4B7-61D54700423F} = {C446C54A-6712-4D19-BD75-780DA2E6DFB0}
		{1063A86F-EDCC-4CF8-96EE-1F09EC61BAB5} = {32DBB43B-29E0-44F7-9380-BA6A1CE85A14}
		{BA98B702-EBB6-48AB-9955-579D42DB5E57} = {D7073AB1-9BEA-44AB-B1A8-D032E7FAF12C}
		{D546DFD2-D8A4-4DB5-913E-3FF467351C58} = {D7073AB1-9BEA-44AB-B1A8-D032E7FAF12C}
		{803D9040-2592-4A53-AB48-BBEF6AC2C169} = {D7073AB1-9BEA-44AB-B1A8-D032E7FAF12C}
		{490E3303-83A5-48F6-906B-0DD79180B8F9} = {D7073AB1-9BEA-44AB-B1A8-D032E7FAF12C}
		{CD35A0A6-0E35-44D6-B1D4-BC1D860557BD} = {DF3F5E10-9882-447D-B9A4-C2C2FFD7FBE2}
		{7051B692-9983-4E15-82A4-1530B98E0DB5} = {DF3F5E10-9882-447D-B9A4-C2C2FFD7FBE2}
		{7A6AB8FF-14B9-4CA1-9F20-2AB01A87F4A1} = {FFD5A648-287F-498A-B491-FD74FB392FBB}
	EndGlobalSection
	GlobalSection(ExtensibilityGlobals) = postSolution
		SolutionGuid = {6357CEE1-65D9-45F0-B58D-8FEA648E0877}
	EndGlobalSection
EndGlobal
