
Microsoft Visual Studio Solution File, Format Version 12.00
# Visual Studio 15
VisualStudioVersion = 15.0.28307.572
MinimumVisualStudioVersion = 10.0.40219.1
Project("{2150E333-8FDC-42A3-9474-1A3956D46DE8}") = "Web.Internel.Api", "Web.Internel.Api", "{40C81B91-26BB-4D6C-88E9-E7C85B608B7F}"
EndProject
Project("{9A19103F-16F7-4668-BE54-9A1E7A4F7556}") = "Internel.Api", "Internel.Api\Internel.Api.csproj", "{2A9979DE-2DF1-4D8F-8CD4-15209CAFDEAC}"
EndProject
Project("{9A19103F-16F7-4668-BE54-9A1E7A4F7556}") = "New.Core", "New.Core\New.Core.csproj", "{F4D5A070-3987-4BA6-8EA6-2724E251D312}"
EndProject
Project("{9A19103F-16F7-4668-BE54-9A1E7A4F7556}") = "New.Data", "New.Data\New.Data.csproj", "{BAA8FE60-A5A3-4448-812B-A11BF560BE15}"
EndProject
Project("{9A19103F-16F7-4668-BE54-9A1E7A4F7556}") = "New.Common", "New.Common\New.Common.csproj", "{C13332C4-AFD4-4E6A-A1AB-416F1397E42F}"
EndProject
Project("{9A19103F-16F7-4668-BE54-9A1E7A4F7556}") = "UnitTestProject", "UnitTestProject\UnitTestProject.csproj", "{0A662BF2-5F83-40E2-AF30-02DC3C6AB8BA}"
EndProject
Project("{9A19103F-16F7-4668-BE54-9A1E7A4F7556}") = "New.Entity", "New.Entity\New.Entity.csproj", "{025D877E-BDC4-4784-B72D-B58D15226336}"
EndProject
Project("{9A19103F-16F7-4668-BE54-9A1E7A4F7556}") = "New.Model", "New.Model\New.Model.csproj", "{F24B8533-E4C3-4B0D-BF8D-8D56C73BCD86}"
EndProject
Project("{2150E333-8FDC-42A3-9474-1A3956D46DE8}") = "Web.Log.Api", "Web.Log.Api", "{C446C54A-6712-4D19-BD75-780DA2E6DFB0}"
EndProject
Project("{9A19103F-16F7-4668-BE54-9A1E7A4F7556}") = "Log.Api", "Log.Api\Log.Api.csproj", "{680FA84F-F2D5-404B-B4B7-61D54700423F}"
EndProject
Project("{2150E333-8FDC-42A3-9474-1A3956D46DE8}") = "Web", "Web", "{32DBB43B-29E0-44F7-9380-BA6A1CE85A14}"
EndProject
Project("{FAE04EC0-301F-11D3-BF4B-00C04F79EFBC}") = "New.WebApp", "New.WebApp\New.WebApp.csproj", "{1063A86F-EDCC-4CF8-96EE-1F09EC61BAB5}"
EndProject
Global
	GlobalSection(SolutionConfigurationPlatforms) = preSolution
		Debug|Any CPU = Debug|Any CPU
		Release|Any CPU = Release|Any CPU
	EndGlobalSection
	GlobalSection(ProjectConfigurationPlatforms) = postSolution
		{2A9979DE-2DF1-4D8F-8CD4-15209CAFDEAC}.Debug|Any CPU.ActiveCfg = Debug|Any CPU
		{2A9979DE-2DF1-4D8F-8CD4-15209CAFDEAC}.Debug|Any CPU.Build.0 = Debug|Any CPU
		{2A9979DE-2DF1-4D8F-8CD4-15209CAFDEAC}.Release|Any CPU.ActiveCfg = Release|Any CPU
		{2A9979DE-2DF1-4D8F-8CD4-15209CAFDEAC}.Release|Any CPU.Build.0 = Release|Any CPU
		{F4D5A070-3987-4BA6-8EA6-2724E251D312}.Debug|Any CPU.ActiveCfg = Debug|Any CPU
		{F4D5A070-3987-4BA6-8EA6-2724E251D312}.Debug|Any CPU.Build.0 = Debug|Any CPU
		{F4D5A070-3987-4BA6-8EA6-2724E251D312}.Release|Any CPU.ActiveCfg = Release|Any CPU
		{F4D5A070-3987-4BA6-8EA6-2724E251D312}.Release|Any CPU.Build.0 = Release|Any CPU
		{BAA8FE60-A5A3-4448-812B-A11BF560BE15}.Debug|Any CPU.ActiveCfg = Debug|Any CPU
		{BAA8FE60-A5A3-4448-812B-A11BF560BE15}.Debug|Any CPU.Build.0 = Debug|Any CPU
		{BAA8FE60-A5A3-4448-812B-A11BF560BE15}.Release|Any CPU.ActiveCfg = Release|Any CPU
		{BAA8FE60-A5A3-4448-812B-A11BF560BE15}.Release|Any CPU.Build.0 = Release|Any CPU
		{C13332C4-AFD4-4E6A-A1AB-416F1397E42F}.Debug|Any CPU.ActiveCfg = Debug|Any CPU
		{C13332C4-AFD4-4E6A-A1AB-416F1397E42F}.Debug|Any CPU.Build.0 = Debug|Any CPU
		{C13332C4-AFD4-4E6A-A1AB-416F1397E42F}.Release|Any CPU.ActiveCfg = Release|Any CPU
		{C13332C4-AFD4-4E6A-A1AB-416F1397E42F}.Release|Any CPU.Build.0 = Release|Any CPU
		{0A662BF2-5F83-40E2-AF30-02DC3C6AB8BA}.Debug|Any CPU.ActiveCfg = Debug|Any CPU
		{0A662BF2-5F83-40E2-AF30-02DC3C6AB8BA}.Debug|Any CPU.Build.0 = Debug|Any CPU
		{0A662BF2-5F83-40E2-AF30-02DC3C6AB8BA}.Release|Any CPU.ActiveCfg = Release|Any CPU
		{0A662BF2-5F83-40E2-AF30-02DC3C6AB8BA}.Release|Any CPU.Build.0 = Release|Any CPU
		{025D877E-BDC4-4784-B72D-B58D15226336}.Debug|Any CPU.ActiveCfg = Debug|Any CPU
		{025D877E-BDC4-4784-B72D-B58D15226336}.Debug|Any CPU.Build.0 = Debug|Any CPU
		{025D877E-BDC4-4784-B72D-B58D15226336}.Release|Any CPU.ActiveCfg = Release|Any CPU
		{025D877E-BDC4-4784-B72D-B58D15226336}.Release|Any CPU.Build.0 = Release|Any CPU
		{F24B8533-E4C3-4B0D-BF8D-8D56C73BCD86}.Debug|Any CPU.ActiveCfg = Debug|Any CPU
		{F24B8533-E4C3-4B0D-BF8D-8D56C73BCD86}.Debug|Any CPU.Build.0 = Debug|Any CPU
		{F24B8533-E4C3-4B0D-BF8D-8D56C73BCD86}.Release|Any CPU.ActiveCfg = Release|Any CPU
		{F24B8533-E4C3-4B0D-BF8D-8D56C73BCD86}.Release|Any CPU.Build.0 = Release|Any CPU
		{680FA84F-F2D5-404B-B4B7-61D54700423F}.Debug|Any CPU.ActiveCfg = Debug|Any CPU
		{680FA84F-F2D5-404B-B4B7-61D54700423F}.Debug|Any CPU.Build.0 = Debug|Any CPU
		{680FA84F-F2D5-404B-B4B7-61D54700423F}.Release|Any CPU.ActiveCfg = Release|Any CPU
		{680FA84F-F2D5-404B-B4B7-61D54700423F}.Release|Any CPU.Build.0 = Release|Any CPU
		{1063A86F-EDCC-4CF8-96EE-1F09EC61BAB5}.Debug|Any CPU.ActiveCfg = Debug|Any CPU
		{1063A86F-EDCC-4CF8-96EE-1F09EC61BAB5}.Debug|Any CPU.Build.0 = Debug|Any CPU
		{1063A86F-EDCC-4CF8-96EE-1F09EC61BAB5}.Release|Any CPU.ActiveCfg = Release|Any CPU
		{1063A86F-EDCC-4CF8-96EE-1F09EC61BAB5}.Release|Any CPU.Build.0 = Release|Any CPU
	EndGlobalSection
	GlobalSection(SolutionProperties) = preSolution
		HideSolutionNode = FALSE
	EndGlobalSection
	GlobalSection(NestedProjects) = preSolution
		{2A9979DE-2DF1-4D8F-8CD4-15209CAFDEAC} = {40C81B91-26BB-4D6C-88E9-E7C85B608B7F}
		{680FA84F-F2D5-404B-B4B7-61D54700423F} = {C446C54A-6712-4D19-BD75-780DA2E6DFB0}
		{1063A86F-EDCC-4CF8-96EE-1F09EC61BAB5} = {32DBB43B-29E0-44F7-9380-BA6A1CE85A14}
	EndGlobalSection
	GlobalSection(ExtensibilityGlobals) = postSolution
		SolutionGuid = {6357CEE1-65D9-45F0-B58D-8FEA648E0877}
	EndGlobalSection
EndGlobal
