
Microsoft Visual Studio Solution File, Format Version 12.00
# Visual Studio 15
VisualStudioVersion = 15.0.28307.572
MinimumVisualStudioVersion = 10.0.40219.1
Project("{2150E333-8FDC-42A3-9474-1A3956D46DE8}") = "Web.Internel.Api", "Web.Internel.Api", "{40C81B91-26BB-4D6C-88E9-E7C85B608B7F}"
EndProject
Project("{FAE04EC0-301F-11D3-BF4B-00C04F79EFBC}") = "Internel.Api", "Internel.Api\Internel.Api.csproj", "{2A9979DE-2DF1-4D8F-8CD4-15209CAFDEAC}"
EndProject
Global
	GlobalSection(SolutionConfigurationPlatforms) = preSolution
		Debug|Any CPU = Debug|Any CPU
		Release|Any CPU = Release|Any CPU
	EndGlobalSection
	GlobalSection(ProjectConfigurationPlatforms) = postSolution
		{2A9979DE-2DF1-4D8F-8CD4-15209CAFDEAC}.Debug|Any CPU.ActiveCfg = Debug|Any CPU
		{2A9979DE-2DF1-4D8F-8CD4-15209CAFDEAC}.Debug|Any CPU.Build.0 = Debug|Any CPU
		{2A9979DE-2DF1-4D8F-8CD4-15209CAFDEAC}.Release|Any CPU.ActiveCfg = Release|Any CPU
		{2A9979DE-2DF1-4D8F-8CD4-15209CAFDEAC}.Release|Any CPU.Build.0 = Release|Any CPU
	EndGlobalSection
	GlobalSection(SolutionProperties) = preSolution
		HideSolutionNode = FALSE
	EndGlobalSection
	GlobalSection(NestedProjects) = preSolution
		{2A9979DE-2DF1-4D8F-8CD4-15209CAFDEAC} = {40C81B91-26BB-4D6C-88E9-E7C85B608B7F}
	EndGlobalSection
	GlobalSection(ExtensibilityGlobals) = postSolution
		SolutionGuid = {6357CEE1-65D9-45F0-B58D-8FEA648E0877}
	EndGlobalSection
EndGlobal
